
Microsoft Visual Studio Solution File, Format Version 12.00
# Visual Studio Version 16
VisualStudioVersion = 16.0.31313.79
MinimumVisualStudioVersion = 10.0.40219.1
Project("{00D1A9C2-B5F0-4AF3-8072-F6C62B433612}") = "Database1", "Database1\Database1.sqlproj", "{8494908D-EF94-459B-A19C-53FD26047447}"
EndProject
Global
	GlobalSection(SolutionConfigurationPlatforms) = preSolution
		Debug|Any CPU = Debug|Any CPU
		Release|Any CPU = Release|Any CPU
	EndGlobalSection
	GlobalSection(ProjectConfigurationPlatforms) = postSolution
		{8494908D-EF94-459B-A19C-53FD26047447}.Debug|Any CPU.ActiveCfg = Debug|Any CPU
		{8494908D-EF94-459B-A19C-53FD26047447}.Debug|Any CPU.Build.0 = Debug|Any CPU
		{8494908D-EF94-459B-A19C-53FD26047447}.Debug|Any CPU.Deploy.0 = Debug|Any CPU
		{8494908D-EF94-459B-A19C-53FD26047447}.Release|Any CPU.ActiveCfg = Release|Any CPU
		{8494908D-EF94-459B-A19C-53FD26047447}.Release|Any CPU.Build.0 = Release|Any CPU
		{8494908D-EF94-459B-A19C-53FD26047447}.Release|Any CPU.Deploy.0 = Release|Any CPU
	EndGlobalSection
	GlobalSection(SolutionProperties) = preSolution
		HideSolutionNode = FALSE
	EndGlobalSection
	GlobalSection(ExtensibilityGlobals) = postSolution
		SolutionGuid = {B736C17E-A921-4A94-86B2-A0F1712A50C5}
	EndGlobalSection
EndGlobal
